// !$*UTF8*$!
{
	archiveVersion = 1;
	classes = {
	};
	objectVersion = 50;
	objects = {

/* Begin PBXBuildFile section */
		19905458250294C500F13120 /* AppDelegate.swift in Sources */ = {isa = PBXBuildFile; fileRef = 19905457250294C500F13120 /* AppDelegate.swift */; };
		1990545A250294C500F13120 /* SceneDelegate.swift in Sources */ = {isa = PBXBuildFile; fileRef = 19905459250294C500F13120 /* SceneDelegate.swift */; };
		1990545E250294CB00F13120 /* Assets.xcassets in Resources */ = {isa = PBXBuildFile; fileRef = 1990545D250294CB00F13120 /* Assets.xcassets */; };
		19905464250294CB00F13120 /* LaunchScreen.storyboard in Resources */ = {isa = PBXBuildFile; fileRef = 19905462250294CB00F13120 /* LaunchScreen.storyboard */; };
		1990546F250295CC00F13120 /* ColorAsset.xcassets in Resources */ = {isa = PBXBuildFile; fileRef = 1990546E250295CC00F13120 /* ColorAsset.xcassets */; };
		199054712502979100F13120 /* ColorReference.swift in Sources */ = {isa = PBXBuildFile; fileRef = 199054702502979100F13120 /* ColorReference.swift */; };
		199054742502992B00F13120 /* ImageAsset.xcassets in Resources */ = {isa = PBXBuildFile; fileRef = 199054732502992B00F13120 /* ImageAsset.xcassets */; };
		199054762502993C00F13120 /* ImageReference.swift in Sources */ = {isa = PBXBuildFile; fileRef = 199054752502993C00F13120 /* ImageReference.swift */; };
		1990547B25029C6900F13120 /* TextRefrence.swift in Sources */ = {isa = PBXBuildFile; fileRef = 1990547A25029C6900F13120 /* TextRefrence.swift */; };
		1990547E25029CB000F13120 /* String.swift in Sources */ = {isa = PBXBuildFile; fileRef = 1990547D25029CB000F13120 /* String.swift */; };
		1990548025029CDB00F13120 /* LanguageUtil.swift in Sources */ = {isa = PBXBuildFile; fileRef = 1990547F25029CDB00F13120 /* LanguageUtil.swift */; };
		1990548125029DD400F13120 /* Base.strings in Resources */ = {isa = PBXBuildFile; fileRef = 1990548325029DD400F13120 /* Base.strings */; };
		1990548925029FBF00F13120 /* SingleLineTextField.swift in Sources */ = {isa = PBXBuildFile; fileRef = 1990548825029FBF00F13120 /* SingleLineTextField.swift */; };
		1990548B25029FCC00F13120 /* CustomButton.swift in Sources */ = {isa = PBXBuildFile; fileRef = 1990548A25029FCC00F13120 /* CustomButton.swift */; };
		1990548E2502A17800F13120 /* TextFieldModifiers.swift in Sources */ = {isa = PBXBuildFile; fileRef = 1990548D2502A17800F13120 /* TextFieldModifiers.swift */; };
		199054902502A3DE00F13120 /* MainView.swift in Sources */ = {isa = PBXBuildFile; fileRef = 1990548F2502A3DE00F13120 /* MainView.swift */; };
		199054922502CA0A00F13120 /* ListMovieView.swift in Sources */ = {isa = PBXBuildFile; fileRef = 199054912502CA0A00F13120 /* ListMovieView.swift */; };
		199054942502CE9D00F13120 /* AddMovieView.swift in Sources */ = {isa = PBXBuildFile; fileRef = 199054932502CE9D00F13120 /* AddMovieView.swift */; };
		1990549A2502E8D300F13120 /* TVShow.swift in Sources */ = {isa = PBXBuildFile; fileRef = 199054992502E8D300F13120 /* TVShow.swift */; };
		1990549F2502EBE200F13120 /* AddMovieViewModel.swift in Sources */ = {isa = PBXBuildFile; fileRef = 1990549E2502EBE200F13120 /* AddMovieViewModel.swift */; };
		199054A12502F0A700F13120 /* ListMovieViewModel.swift in Sources */ = {isa = PBXBuildFile; fileRef = 199054A02502F0A700F13120 /* ListMovieViewModel.swift */; };
		199054A42504095F00F13120 /* YearTextField.swift in Sources */ = {isa = PBXBuildFile; fileRef = 199054A32504095F00F13120 /* YearTextField.swift */; };
/* End PBXBuildFile section */

/* Begin PBXFileReference section */
		19905454250294C500F13120 /* Moviez.app */ = {isa = PBXFileReference; explicitFileType = wrapper.application; includeInIndex = 0; path = Moviez.app; sourceTree = BUILT_PRODUCTS_DIR; };
		19905457250294C500F13120 /* AppDelegate.swift */ = {isa = PBXFileReference; lastKnownFileType = sourcecode.swift; path = AppDelegate.swift; sourceTree = "<group>"; };
		19905459250294C500F13120 /* SceneDelegate.swift */ = {isa = PBXFileReference; lastKnownFileType = sourcecode.swift; path = SceneDelegate.swift; sourceTree = "<group>"; };
		1990545D250294CB00F13120 /* Assets.xcassets */ = {isa = PBXFileReference; lastKnownFileType = folder.assetcatalog; path = Assets.xcassets; sourceTree = "<group>"; };
		19905463250294CB00F13120 /* Base */ = {isa = PBXFileReference; lastKnownFileType = file.storyboard; name = Base; path = Base.lproj/LaunchScreen.storyboard; sourceTree = "<group>"; };
		19905465250294CB00F13120 /* Info.plist */ = {isa = PBXFileReference; lastKnownFileType = text.plist.xml; path = Info.plist; sourceTree = "<group>"; };
		1990546E250295CC00F13120 /* ColorAsset.xcassets */ = {isa = PBXFileReference; lastKnownFileType = folder.assetcatalog; path = ColorAsset.xcassets; sourceTree = "<group>"; };
		199054702502979100F13120 /* ColorReference.swift */ = {isa = PBXFileReference; lastKnownFileType = sourcecode.swift; path = ColorReference.swift; sourceTree = "<group>"; };
		199054732502992B00F13120 /* ImageAsset.xcassets */ = {isa = PBXFileReference; lastKnownFileType = folder.assetcatalog; path = ImageAsset.xcassets; sourceTree = "<group>"; };
		199054752502993C00F13120 /* ImageReference.swift */ = {isa = PBXFileReference; lastKnownFileType = sourcecode.swift; path = ImageReference.swift; sourceTree = "<group>"; };
		1990547A25029C6900F13120 /* TextRefrence.swift */ = {isa = PBXFileReference; lastKnownFileType = sourcecode.swift; path = TextRefrence.swift; sourceTree = "<group>"; };
		1990547D25029CB000F13120 /* String.swift */ = {isa = PBXFileReference; lastKnownFileType = sourcecode.swift; path = String.swift; sourceTree = "<group>"; };
		1990547F25029CDB00F13120 /* LanguageUtil.swift */ = {isa = PBXFileReference; lastKnownFileType = sourcecode.swift; path = LanguageUtil.swift; sourceTree = "<group>"; };
		1990548225029DD400F13120 /* en */ = {isa = PBXFileReference; lastKnownFileType = text.plist.strings; name = en; path = en.lproj/Base.strings; sourceTree = "<group>"; };
		1990548825029FBF00F13120 /* SingleLineTextField.swift */ = {isa = PBXFileReference; lastKnownFileType = sourcecode.swift; path = SingleLineTextField.swift; sourceTree = "<group>"; };
		1990548A25029FCC00F13120 /* CustomButton.swift */ = {isa = PBXFileReference; lastKnownFileType = sourcecode.swift; path = CustomButton.swift; sourceTree = "<group>"; };
		1990548D2502A17800F13120 /* TextFieldModifiers.swift */ = {isa = PBXFileReference; lastKnownFileType = sourcecode.swift; path = TextFieldModifiers.swift; sourceTree = "<group>"; };
		1990548F2502A3DE00F13120 /* MainView.swift */ = {isa = PBXFileReference; lastKnownFileType = sourcecode.swift; path = MainView.swift; sourceTree = "<group>"; };
		199054912502CA0A00F13120 /* ListMovieView.swift */ = {isa = PBXFileReference; lastKnownFileType = sourcecode.swift; path = ListMovieView.swift; sourceTree = "<group>"; };
		199054932502CE9D00F13120 /* AddMovieView.swift */ = {isa = PBXFileReference; lastKnownFileType = sourcecode.swift; path = AddMovieView.swift; sourceTree = "<group>"; };
		199054992502E8D300F13120 /* TVShow.swift */ = {isa = PBXFileReference; lastKnownFileType = sourcecode.swift; path = TVShow.swift; sourceTree = "<group>"; };
		1990549E2502EBE200F13120 /* AddMovieViewModel.swift */ = {isa = PBXFileReference; lastKnownFileType = sourcecode.swift; path = AddMovieViewModel.swift; sourceTree = "<group>"; };
		199054A02502F0A700F13120 /* ListMovieViewModel.swift */ = {isa = PBXFileReference; lastKnownFileType = sourcecode.swift; path = ListMovieViewModel.swift; sourceTree = "<group>"; };
		199054A32504095F00F13120 /* YearTextField.swift */ = {isa = PBXFileReference; lastKnownFileType = sourcecode.swift; path = YearTextField.swift; sourceTree = "<group>"; };
/* End PBXFileReference section */

/* Begin PBXFrameworksBuildPhase section */
		19905451250294C500F13120 /* Frameworks */ = {
			isa = PBXFrameworksBuildPhase;
			buildActionMask = 2147483647;
			files = (
			);
			runOnlyForDeploymentPostprocessing = 0;
		};
/* End PBXFrameworksBuildPhase section */

/* Begin PBXGroup section */
		1990544B250294C500F13120 = {
			isa = PBXGroup;
			children = (
				19905456250294C500F13120 /* Moviez */,
				19905455250294C500F13120 /* Products */,
			);
			sourceTree = "<group>";
		};
		19905455250294C500F13120 /* Products */ = {
			isa = PBXGroup;
			children = (
				19905454250294C500F13120 /* Moviez.app */,
			);
			name = Products;
			sourceTree = "<group>";
		};
		19905456250294C500F13120 /* Moviez */ = {
			isa = PBXGroup;
			children = (
				1990546C250294E800F13120 /* App */,
				1990548625029EF500F13120 /* Model */,
				1990548525029EEE00F13120 /* ViewModel */,
				1990548425029EE900F13120 /* View */,
				1990547C25029C8B00F13120 /* Extension */,
				1990546B250294E000F13120 /* Resources */,
				1990545D250294CB00F13120 /* Assets.xcassets */,
				19905465250294CB00F13120 /* Info.plist */,
			);
			path = Moviez;
			sourceTree = "<group>";
		};
		1990546B250294E000F13120 /* Resources */ = {
			isa = PBXGroup;
			children = (
				1990547725029ACC00F13120 /* String */,
				199054722502990600F13120 /* Image */,
				1990546D2502952A00F13120 /* Color */,
			);
			path = Resources;
			sourceTree = "<group>";
		};
		1990546C250294E800F13120 /* App */ = {
			isa = PBXGroup;
			children = (
				19905457250294C500F13120 /* AppDelegate.swift */,
				19905459250294C500F13120 /* SceneDelegate.swift */,
				19905462250294CB00F13120 /* LaunchScreen.storyboard */,
			);
			path = App;
			sourceTree = "<group>";
		};
		1990546D2502952A00F13120 /* Color */ = {
			isa = PBXGroup;
			children = (
				1990546E250295CC00F13120 /* ColorAsset.xcassets */,
				199054702502979100F13120 /* ColorReference.swift */,
			);
			path = Color;
			sourceTree = "<group>";
		};
		199054722502990600F13120 /* Image */ = {
			isa = PBXGroup;
			children = (
				199054732502992B00F13120 /* ImageAsset.xcassets */,
				199054752502993C00F13120 /* ImageReference.swift */,
			);
			path = Image;
			sourceTree = "<group>";
		};
		1990547725029ACC00F13120 /* String */ = {
			isa = PBXGroup;
			children = (
				1990548325029DD400F13120 /* Base.strings */,
				1990547A25029C6900F13120 /* TextRefrence.swift */,
				1990547F25029CDB00F13120 /* LanguageUtil.swift */,
			);
			path = String;
			sourceTree = "<group>";
		};
		1990547C25029C8B00F13120 /* Extension */ = {
			isa = PBXGroup;
			children = (
				1990547D25029CB000F13120 /* String.swift */,
			);
			path = Extension;
			sourceTree = "<group>";
		};
		1990548425029EE900F13120 /* View */ = {
			isa = PBXGroup;
			children = (
				1990548F2502A3DE00F13120 /* MainView.swift */,
				199054912502CA0A00F13120 /* ListMovieView.swift */,
				199054932502CE9D00F13120 /* AddMovieView.swift */,
				1990548725029F9700F13120 /* CustomView */,
			);
			path = View;
			sourceTree = "<group>";
		};
		1990548525029EEE00F13120 /* ViewModel */ = {
			isa = PBXGroup;
			children = (
				1990549E2502EBE200F13120 /* AddMovieViewModel.swift */,
				199054A02502F0A700F13120 /* ListMovieViewModel.swift */,
			);
			path = ViewModel;
			sourceTree = "<group>";
		};
		1990548625029EF500F13120 /* Model */ = {
			isa = PBXGroup;
			children = (
				199054992502E8D300F13120 /* TVShow.swift */,
			);
			path = Model;
			sourceTree = "<group>";
		};
		1990548725029F9700F13120 /* CustomView */ = {
			isa = PBXGroup;
			children = (
				199054A22503CB4200F13120 /* Button */,
				1990548C2502A15800F13120 /* TextField */,
			);
			path = CustomView;
			sourceTree = "<group>";
		};
		1990548C2502A15800F13120 /* TextField */ = {
			isa = PBXGroup;
			children = (
				199054A32504095F00F13120 /* YearTextField.swift */,
				1990548825029FBF00F13120 /* SingleLineTextField.swift */,
				1990548D2502A17800F13120 /* TextFieldModifiers.swift */,
			);
			path = TextField;
			sourceTree = "<group>";
		};
		199054A22503CB4200F13120 /* Button */ = {
			isa = PBXGroup;
			children = (
				1990548A25029FCC00F13120 /* CustomButton.swift */,
			);
			path = Button;
			sourceTree = "<group>";
		};
/* End PBXGroup section */

/* Begin PBXNativeTarget section */
		19905453250294C500F13120 /* Moviez */ = {
			isa = PBXNativeTarget;
			buildConfigurationList = 19905468250294CB00F13120 /* Build configuration list for PBXNativeTarget "Moviez" */;
			buildPhases = (
				19905450250294C500F13120 /* Sources */,
				19905451250294C500F13120 /* Frameworks */,
				19905452250294C500F13120 /* Resources */,
			);
			buildRules = (
			);
			dependencies = (
			);
			name = Moviez;
			productName = Moviez;
			productReference = 19905454250294C500F13120 /* Moviez.app */;
			productType = "com.apple.product-type.application";
		};
/* End PBXNativeTarget section */

/* Begin PBXProject section */
		1990544C250294C500F13120 /* Project object */ = {
			isa = PBXProject;
			attributes = {
				LastSwiftUpdateCheck = 1160;
				LastUpgradeCheck = 1160;
				ORGANIZATIONNAME = "Mahsa Sanij";
				TargetAttributes = {
					19905453250294C500F13120 = {
						CreatedOnToolsVersion = 11.6;
					};
				};
			};
			buildConfigurationList = 1990544F250294C500F13120 /* Build configuration list for PBXProject "Moviez" */;
			compatibilityVersion = "Xcode 9.3";
			developmentRegion = en;
			hasScannedForEncodings = 0;
			knownRegions = (
				en,
				Base,
			);
			mainGroup = 1990544B250294C500F13120;
			productRefGroup = 19905455250294C500F13120 /* Products */;
			projectDirPath = "";
			projectRoot = "";
			targets = (
				19905453250294C500F13120 /* Moviez */,
			);
		};
/* End PBXProject section */

/* Begin PBXResourcesBuildPhase section */
		19905452250294C500F13120 /* Resources */ = {
			isa = PBXResourcesBuildPhase;
			buildActionMask = 2147483647;
			files = (
				19905464250294CB00F13120 /* LaunchScreen.storyboard in Resources */,
				1990548125029DD400F13120 /* Base.strings in Resources */,
				199054742502992B00F13120 /* ImageAsset.xcassets in Resources */,
				1990546F250295CC00F13120 /* ColorAsset.xcassets in Resources */,
				1990545E250294CB00F13120 /* Assets.xcassets in Resources */,
			);
			runOnlyForDeploymentPostprocessing = 0;
		};
/* End PBXResourcesBuildPhase section */

/* Begin PBXSourcesBuildPhase section */
		19905450250294C500F13120 /* Sources */ = {
			isa = PBXSourcesBuildPhase;
			buildActionMask = 2147483647;
			files = (
				199054942502CE9D00F13120 /* AddMovieView.swift in Sources */,
				1990549F2502EBE200F13120 /* AddMovieViewModel.swift in Sources */,
				1990548025029CDB00F13120 /* LanguageUtil.swift in Sources */,
				1990547E25029CB000F13120 /* String.swift in Sources */,
				199054A42504095F00F13120 /* YearTextField.swift in Sources */,
				199054902502A3DE00F13120 /* MainView.swift in Sources */,
				1990548B25029FCC00F13120 /* CustomButton.swift in Sources */,
				199054A12502F0A700F13120 /* ListMovieViewModel.swift in Sources */,
				199054922502CA0A00F13120 /* ListMovieView.swift in Sources */,
				1990549A2502E8D300F13120 /* TVShow.swift in Sources */,
				199054712502979100F13120 /* ColorReference.swift in Sources */,
				1990548E2502A17800F13120 /* TextFieldModifiers.swift in Sources */,
				199054762502993C00F13120 /* ImageReference.swift in Sources */,
				1990548925029FBF00F13120 /* SingleLineTextField.swift in Sources */,
				19905458250294C500F13120 /* AppDelegate.swift in Sources */,
				1990547B25029C6900F13120 /* TextRefrence.swift in Sources */,
				1990545A250294C500F13120 /* SceneDelegate.swift in Sources */,
			);
			runOnlyForDeploymentPostprocessing = 0;
		};
/* End PBXSourcesBuildPhase section */

/* Begin PBXVariantGroup section */
		19905462250294CB00F13120 /* LaunchScreen.storyboard */ = {
			isa = PBXVariantGroup;
			children = (
				19905463250294CB00F13120 /* Base */,
			);
			name = LaunchScreen.storyboard;
			sourceTree = "<group>";
		};
		1990548325029DD400F13120 /* Base.strings */ = {
			isa = PBXVariantGroup;
			children = (
				1990548225029DD400F13120 /* en */,
			);
			name = Base.strings;
			sourceTree = "<group>";
		};
/* End PBXVariantGroup section */

/* Begin XCBuildConfiguration section */
		19905466250294CB00F13120 /* Debug */ = {
			isa = XCBuildConfiguration;
			buildSettings = {
				ALWAYS_SEARCH_USER_PATHS = NO;
				CLANG_ANALYZER_NONNULL = YES;
				CLANG_ANALYZER_NUMBER_OBJECT_CONVERSION = YES_AGGRESSIVE;
				CLANG_CXX_LANGUAGE_STANDARD = "gnu++14";
				CLANG_CXX_LIBRARY = "libc++";
				CLANG_ENABLE_MODULES = YES;
				CLANG_ENABLE_OBJC_ARC = YES;
				CLANG_ENABLE_OBJC_WEAK = YES;
				CLANG_WARN_BLOCK_CAPTURE_AUTORELEASING = YES;
				CLANG_WARN_BOOL_CONVERSION = YES;
				CLANG_WARN_COMMA = YES;
				CLANG_WARN_CONSTANT_CONVERSION = YES;
				CLANG_WARN_DEPRECATED_OBJC_IMPLEMENTATIONS = YES;
				CLANG_WARN_DIRECT_OBJC_ISA_USAGE = YES_ERROR;
				CLANG_WARN_DOCUMENTATION_COMMENTS = YES;
				CLANG_WARN_EMPTY_BODY = YES;
				CLANG_WARN_ENUM_CONVERSION = YES;
				CLANG_WARN_INFINITE_RECURSION = YES;
				CLANG_WARN_INT_CONVERSION = YES;
				CLANG_WARN_NON_LITERAL_NULL_CONVERSION = YES;
				CLANG_WARN_OBJC_IMPLICIT_RETAIN_SELF = YES;
				CLANG_WARN_OBJC_LITERAL_CONVERSION = YES;
				CLANG_WARN_OBJC_ROOT_CLASS = YES_ERROR;
				CLANG_WARN_RANGE_LOOP_ANALYSIS = YES;
				CLANG_WARN_STRICT_PROTOTYPES = YES;
				CLANG_WARN_SUSPICIOUS_MOVE = YES;
				CLANG_WARN_UNGUARDED_AVAILABILITY = YES_AGGRESSIVE;
				CLANG_WARN_UNREACHABLE_CODE = YES;
				CLANG_WARN__DUPLICATE_METHOD_MATCH = YES;
				COPY_PHASE_STRIP = NO;
				DEBUG_INFORMATION_FORMAT = dwarf;
				ENABLE_STRICT_OBJC_MSGSEND = YES;
				ENABLE_TESTABILITY = YES;
				GCC_C_LANGUAGE_STANDARD = gnu11;
				GCC_DYNAMIC_NO_PIC = NO;
				GCC_NO_COMMON_BLOCKS = YES;
				GCC_OPTIMIZATION_LEVEL = 0;
				GCC_PREPROCESSOR_DEFINITIONS = (
					"DEBUG=1",
					"$(inherited)",
				);
				GCC_WARN_64_TO_32_BIT_CONVERSION = YES;
				GCC_WARN_ABOUT_RETURN_TYPE = YES_ERROR;
				GCC_WARN_UNDECLARED_SELECTOR = YES;
				GCC_WARN_UNINITIALIZED_AUTOS = YES_AGGRESSIVE;
				GCC_WARN_UNUSED_FUNCTION = YES;
				GCC_WARN_UNUSED_VARIABLE = YES;
				IPHONEOS_DEPLOYMENT_TARGET = 13.6;
				MTL_ENABLE_DEBUG_INFO = INCLUDE_SOURCE;
				MTL_FAST_MATH = YES;
				ONLY_ACTIVE_ARCH = YES;
				SDKROOT = iphoneos;
				SWIFT_ACTIVE_COMPILATION_CONDITIONS = DEBUG;
				SWIFT_OPTIMIZATION_LEVEL = "-Onone";
			};
			name = Debug;
		};
		19905467250294CB00F13120 /* Release */ = {
			isa = XCBuildConfiguration;
			buildSettings = {
				ALWAYS_SEARCH_USER_PATHS = NO;
				CLANG_ANALYZER_NONNULL = YES;
				CLANG_ANALYZER_NUMBER_OBJECT_CONVERSION = YES_AGGRESSIVE;
				CLANG_CXX_LANGUAGE_STANDARD = "gnu++14";
				CLANG_CXX_LIBRARY = "libc++";
				CLANG_ENABLE_MODULES = YES;
				CLANG_ENABLE_OBJC_ARC = YES;
				CLANG_ENABLE_OBJC_WEAK = YES;
				CLANG_WARN_BLOCK_CAPTURE_AUTORELEASING = YES;
				CLANG_WARN_BOOL_CONVERSION = YES;
				CLANG_WARN_COMMA = YES;
				CLANG_WARN_CONSTANT_CONVERSION = YES;
				CLANG_WARN_DEPRECATED_OBJC_IMPLEMENTATIONS = YES;
				CLANG_WARN_DIRECT_OBJC_ISA_USAGE = YES_ERROR;
				CLANG_WARN_DOCUMENTATION_COMMENTS = YES;
				CLANG_WARN_EMPTY_BODY = YES;
				CLANG_WARN_ENUM_CONVERSION = YES;
				CLANG_WARN_INFINITE_RECURSION = YES;
				CLANG_WARN_INT_CONVERSION = YES;
				CLANG_WARN_NON_LITERAL_NULL_CONVERSION = YES;
				CLANG_WARN_OBJC_IMPLICIT_RETAIN_SELF = YES;
				CLANG_WARN_OBJC_LITERAL_CONVERSION = YES;
				CLANG_WARN_OBJC_ROOT_CLASS = YES_ERROR;
				CLANG_WARN_RANGE_LOOP_ANALYSIS = YES;
				CLANG_WARN_STRICT_PROTOTYPES = YES;
				CLANG_WARN_SUSPICIOUS_MOVE = YES;
				CLANG_WARN_UNGUARDED_AVAILABILITY = YES_AGGRESSIVE;
				CLANG_WARN_UNREACHABLE_CODE = YES;
				CLANG_WARN__DUPLICATE_METHOD_MATCH = YES;
				COPY_PHASE_STRIP = NO;
				DEBUG_INFORMATION_FORMAT = "dwarf-with-dsym";
				ENABLE_NS_ASSERTIONS = NO;
				ENABLE_STRICT_OBJC_MSGSEND = YES;
				GCC_C_LANGUAGE_STANDARD = gnu11;
				GCC_NO_COMMON_BLOCKS = YES;
				GCC_WARN_64_TO_32_BIT_CONVERSION = YES;
				GCC_WARN_ABOUT_RETURN_TYPE = YES_ERROR;
				GCC_WARN_UNDECLARED_SELECTOR = YES;
				GCC_WARN_UNINITIALIZED_AUTOS = YES_AGGRESSIVE;
				GCC_WARN_UNUSED_FUNCTION = YES;
				GCC_WARN_UNUSED_VARIABLE = YES;
				IPHONEOS_DEPLOYMENT_TARGET = 13.6;
				MTL_ENABLE_DEBUG_INFO = NO;
				MTL_FAST_MATH = YES;
				SDKROOT = iphoneos;
				SWIFT_COMPILATION_MODE = wholemodule;
				SWIFT_OPTIMIZATION_LEVEL = "-O";
				VALIDATE_PRODUCT = YES;
			};
			name = Release;
		};
		19905469250294CB00F13120 /* Debug */ = {
			isa = XCBuildConfiguration;
			buildSettings = {
				ASSETCATALOG_COMPILER_APPICON_NAME = AppIcon;
				CODE_SIGN_STYLE = Automatic;
				DEVELOPMENT_ASSET_PATHS = "";
				DEVELOPMENT_TEAM = 96EWZNS6N9;
				ENABLE_PREVIEWS = YES;
				INFOPLIST_FILE = Moviez/Info.plist;
				IPHONEOS_DEPLOYMENT_TARGET = 13.0;
				LD_RUNPATH_SEARCH_PATHS = (
					"$(inherited)",
					"@executable_path/Frameworks",
				);
				PRODUCT_BUNDLE_IDENTIFIER = com.mahsa.moviez;
				PRODUCT_NAME = "$(TARGET_NAME)";
				SWIFT_VERSION = 5.0;
				TARGETED_DEVICE_FAMILY = "1,2";
			};
			name = Debug;
		};
		1990546A250294CB00F13120 /* Release */ = {
			isa = XCBuildConfiguration;
			buildSettings = {
				ASSETCATALOG_COMPILER_APPICON_NAME = AppIcon;
				CODE_SIGN_STYLE = Automatic;
				DEVELOPMENT_ASSET_PATHS = "\"Moviez/Preview Content\"";
				DEVELOPMENT_TEAM = 96EWZNS6N9;
				ENABLE_PREVIEWS = YES;
				INFOPLIST_FILE = Moviez/Info.plist;
				IPHONEOS_DEPLOYMENT_TARGET = 13.0;
				LD_RUNPATH_SEARCH_PATHS = (
					"$(inherited)",
					"@executable_path/Frameworks",
				);
				PRODUCT_BUNDLE_IDENTIFIER = com.mahsa.moviez;
				PRODUCT_NAME = "$(TARGET_NAME)";
				SWIFT_VERSION = 5.0;
				TARGETED_DEVICE_FAMILY = "1,2";
			};
			name = Release;
		};
/* End XCBuildConfiguration section */

/* Begin XCConfigurationList section */
		1990544F250294C500F13120 /* Build configuration list for PBXProject "Moviez" */ = {
			isa = XCConfigurationList;
			buildConfigurations = (
				19905466250294CB00F13120 /* Debug */,
				19905467250294CB00F13120 /* Release */,
			);
			defaultConfigurationIsVisible = 0;
			defaultConfigurationName = Release;
		};
		19905468250294CB00F13120 /* Build configuration list for PBXNativeTarget "Moviez" */ = {
			isa = XCConfigurationList;
			buildConfigurations = (
				19905469250294CB00F13120 /* Debug */,
				1990546A250294CB00F13120 /* Release */,
			);
			defaultConfigurationIsVisible = 0;
			defaultConfigurationName = Release;
		};
/* End XCConfigurationList section */
	};
	rootObject = 1990544C250294C500F13120 /* Project object */;
}
